// !$*UTF8*$!
{
	archiveVersion = 1;
	classes = {
	};
	objectVersion = 60;
	objects = {

/* Begin PBXBuildFile section */
		1108ABF82CBEFBA900B8C9E5 /* UserDefaultsHelper.swift in Sources */ = {isa = PBXBuildFile; fileRef = 1108ABF72CBEFBA900B8C9E5 /* UserDefaultsHelper.swift */; };
		1108ABFA2CBEFBBB00B8C9E5 /* UserDefaultsKey.swift in Sources */ = {isa = PBXBuildFile; fileRef = 1108ABF92CBEFBBB00B8C9E5 /* UserDefaultsKey.swift */; };
		11235E7B2CB415C900C81DF9 /* Main.storyboard in Resources */ = {isa = PBXBuildFile; fileRef = 11235E7A2CB415C900C81DF9 /* Main.storyboard */; };
		1126AD0A2CBBDBC9007EED7B /* QuestionListJson.json in Resources */ = {isa = PBXBuildFile; fileRef = 1126AD092CBBDBC9007EED7B /* QuestionListJson.json */; };
		114840892CAB2A1D00282DC4 /* AppDelegate.swift in Sources */ = {isa = PBXBuildFile; fileRef = 114840882CAB2A1D00282DC4 /* AppDelegate.swift */; };
		1148408B2CAB2A1D00282DC4 /* SceneDelegate.swift in Sources */ = {isa = PBXBuildFile; fileRef = 1148408A2CAB2A1D00282DC4 /* SceneDelegate.swift */; };
		1148408D2CAB2A1D00282DC4 /* ViewController.swift in Sources */ = {isa = PBXBuildFile; fileRef = 1148408C2CAB2A1D00282DC4 /* ViewController.swift */; };
		114840902CAB2A1D00282DC4 /* Base in Resources */ = {isa = PBXBuildFile; fileRef = 1148408F2CAB2A1D00282DC4 /* Base */; };
		114840922CAB2A1F00282DC4 /* Assets.xcassets in Resources */ = {isa = PBXBuildFile; fileRef = 114840912CAB2A1F00282DC4 /* Assets.xcassets */; };
		114840952CAB2A1F00282DC4 /* Base in Resources */ = {isa = PBXBuildFile; fileRef = 114840942CAB2A1F00282DC4 /* Base */; };
		1148409D2CAB2C4900282DC4 /* ELEPHNT.TTF in Resources */ = {isa = PBXBuildFile; fileRef = 1148409C2CAB2C4900282DC4 /* ELEPHNT.TTF */; };
		116BEB2B2CBD3A3500266625 /* AnswersTitleCell.xib in Resources */ = {isa = PBXBuildFile; fileRef = 116BEB2A2CBD3A3500266625 /* AnswersTitleCell.xib */; };
		116BEB2C2CBD3A3500266625 /* AnswersTitleCell.swift in Sources */ = {isa = PBXBuildFile; fileRef = 116BEB292CBD3A3500266625 /* AnswersTitleCell.swift */; };
		117449652CAC4F15001E1EB6 /* SecondViewController.swift in Sources */ = {isa = PBXBuildFile; fileRef = 117449642CAC4F15001E1EB6 /* SecondViewController.swift */; };
		11771E0C2CC18105007EBD98 /* ResultsViewController.swift in Sources */ = {isa = PBXBuildFile; fileRef = 11771E0B2CC18105007EBD98 /* ResultsViewController.swift */; };
		11771E102CC18986007EBD98 /* Baloo2-Regular.ttf in Resources */ = {isa = PBXBuildFile; fileRef = 11771E0F2CC18986007EBD98 /* Baloo2-Regular.ttf */; };
		118069C52CAB3782002B761E /* Inter.ttc in Resources */ = {isa = PBXBuildFile; fileRef = 118069C42CAB3782002B761E /* Inter.ttc */; };
		119877072CAC57970040D8E9 /* RedHatDisplay-Regular.ttf in Resources */ = {isa = PBXBuildFile; fileRef = 119877062CAC57970040D8E9 /* RedHatDisplay-Regular.ttf */; };
		119877092CAC82AF0040D8E9 /* ThirdViewController.swift in Sources */ = {isa = PBXBuildFile; fileRef = 119877082CAC82AF0040D8E9 /* ThirdViewController.swift */; };
		11A69AE92CB94DF800BC14AB /* MainViewController.swift in Sources */ = {isa = PBXBuildFile; fileRef = 11A69AE82CB94DF800BC14AB /* MainViewController.swift */; };
		11A69AF02CB96AD200BC14AB /* AnswersCollectionViewCell.swift in Sources */ = {isa = PBXBuildFile; fileRef = 11A69AEE2CB96AD200BC14AB /* AnswersCollectionViewCell.swift */; };
		11A69AF12CB96AD200BC14AB /* AnswersCollectionViewCell.xib in Resources */ = {isa = PBXBuildFile; fileRef = 11A69AEF2CB96AD200BC14AB /* AnswersCollectionViewCell.xib */; };
		11A69AF42CB96B2A00BC14AB /* QuestionHeaderView.xib in Resources */ = {isa = PBXBuildFile; fileRef = 11A69AF32CB96B2A00BC14AB /* QuestionHeaderView.xib */; };
		11A69AF52CB96B2A00BC14AB /* QuestionHeaderView.swift in Sources */ = {isa = PBXBuildFile; fileRef = 11A69AF22CB96B2A00BC14AB /* QuestionHeaderView.swift */; };
		11A69AF82CB96D4D00BC14AB /* QuestionModels.swift in Sources */ = {isa = PBXBuildFile; fileRef = 11A69AF72CB96D4D00BC14AB /* QuestionModels.swift */; };
		11BA00B72CC2C54E001FB974 /* Baloo2-Bold.ttf in Resources */ = {isa = PBXBuildFile; fileRef = 11BA00B62CC2C54E001FB974 /* Baloo2-Bold.ttf */; };
		11BA00B92CC2F411001FB974 /* ProfileViewController.swift in Sources */ = {isa = PBXBuildFile; fileRef = 11BA00B82CC2F411001FB974 /* ProfileViewController.swift */; };
		11D0E1852CAB343A0033DAEA /* engravers-mt.ttf in Resources */ = {isa = PBXBuildFile; fileRef = 11D0E1842CAB343A0033DAEA /* engravers-mt.ttf */; };
		11EF00B62CAFDAB500F14F84 /* UserInfo.swift in Sources */ = {isa = PBXBuildFile; fileRef = 11EF00B52CAFDAB500F14F84 /* UserInfo.swift */; };
/* End PBXBuildFile section */

/* Begin PBXFileReference section */
		1108ABF72CBEFBA900B8C9E5 /* UserDefaultsHelper.swift */ = {isa = PBXFileReference; lastKnownFileType = sourcecode.swift; path = UserDefaultsHelper.swift; sourceTree = "<group>"; };
		1108ABF92CBEFBBB00B8C9E5 /* UserDefaultsKey.swift */ = {isa = PBXFileReference; lastKnownFileType = sourcecode.swift; path = UserDefaultsKey.swift; sourceTree = "<group>"; };
		11235E7A2CB415C900C81DF9 /* Main.storyboard */ = {isa = PBXFileReference; lastKnownFileType = file.storyboard; path = Main.storyboard; sourceTree = "<group>"; };
		1126AD092CBBDBC9007EED7B /* QuestionListJson.json */ = {isa = PBXFileReference; lastKnownFileType = text.json; path = QuestionListJson.json; sourceTree = "<group>"; };
		114840852CAB2A1D00282DC4 /* FigmaApp.app */ = {isa = PBXFileReference; explicitFileType = wrapper.application; includeInIndex = 0; path = FigmaApp.app; sourceTree = BUILT_PRODUCTS_DIR; };
		114840882CAB2A1D00282DC4 /* AppDelegate.swift */ = {isa = PBXFileReference; lastKnownFileType = sourcecode.swift; path = AppDelegate.swift; sourceTree = "<group>"; };
		1148408A2CAB2A1D00282DC4 /* SceneDelegate.swift */ = {isa = PBXFileReference; lastKnownFileType = sourcecode.swift; path = SceneDelegate.swift; sourceTree = "<group>"; };
		1148408C2CAB2A1D00282DC4 /* ViewController.swift */ = {isa = PBXFileReference; lastKnownFileType = sourcecode.swift; path = ViewController.swift; sourceTree = "<group>"; };
		1148408F2CAB2A1D00282DC4 /* Base */ = {isa = PBXFileReference; lastKnownFileType = file.storyboard; name = Base; path = Base.lproj/Auth.storyboard; sourceTree = "<group>"; };
		114840912CAB2A1F00282DC4 /* Assets.xcassets */ = {isa = PBXFileReference; lastKnownFileType = folder.assetcatalog; path = Assets.xcassets; sourceTree = "<group>"; };
		114840942CAB2A1F00282DC4 /* Base */ = {isa = PBXFileReference; lastKnownFileType = file.storyboard; name = Base; path = Base.lproj/LaunchScreen.storyboard; sourceTree = "<group>"; };
		114840962CAB2A1F00282DC4 /* Info.plist */ = {isa = PBXFileReference; lastKnownFileType = text.plist.xml; path = Info.plist; sourceTree = "<group>"; };
		1148409C2CAB2C4900282DC4 /* ELEPHNT.TTF */ = {isa = PBXFileReference; lastKnownFileType = file; path = ELEPHNT.TTF; sourceTree = "<group>"; };
		116BEB292CBD3A3500266625 /* AnswersTitleCell.swift */ = {isa = PBXFileReference; lastKnownFileType = sourcecode.swift; path = AnswersTitleCell.swift; sourceTree = "<group>"; };
		116BEB2A2CBD3A3500266625 /* AnswersTitleCell.xib */ = {isa = PBXFileReference; lastKnownFileType = file.xib; path = AnswersTitleCell.xib; sourceTree = "<group>"; };
		117449642CAC4F15001E1EB6 /* SecondViewController.swift */ = {isa = PBXFileReference; lastKnownFileType = sourcecode.swift; path = SecondViewController.swift; sourceTree = "<group>"; };
		11771E0B2CC18105007EBD98 /* ResultsViewController.swift */ = {isa = PBXFileReference; lastKnownFileType = sourcecode.swift; path = ResultsViewController.swift; sourceTree = "<group>"; };
		11771E0F2CC18986007EBD98 /* Baloo2-Regular.ttf */ = {isa = PBXFileReference; lastKnownFileType = file; path = "Baloo2-Regular.ttf"; sourceTree = "<group>"; };
		118069C42CAB3782002B761E /* Inter.ttc */ = {isa = PBXFileReference; lastKnownFileType = file; path = Inter.ttc; sourceTree = "<group>"; };
		119877062CAC57970040D8E9 /* RedHatDisplay-Regular.ttf */ = {isa = PBXFileReference; lastKnownFileType = file; path = "RedHatDisplay-Regular.ttf"; sourceTree = "<group>"; };
		119877082CAC82AF0040D8E9 /* ThirdViewController.swift */ = {isa = PBXFileReference; lastKnownFileType = sourcecode.swift; path = ThirdViewController.swift; sourceTree = "<group>"; };
		11A69AE82CB94DF800BC14AB /* MainViewController.swift */ = {isa = PBXFileReference; lastKnownFileType = sourcecode.swift; path = MainViewController.swift; sourceTree = "<group>"; };
		11A69AEE2CB96AD200BC14AB /* AnswersCollectionViewCell.swift */ = {isa = PBXFileReference; lastKnownFileType = sourcecode.swift; path = AnswersCollectionViewCell.swift; sourceTree = "<group>"; };
		11A69AEF2CB96AD200BC14AB /* AnswersCollectionViewCell.xib */ = {isa = PBXFileReference; lastKnownFileType = file.xib; path = AnswersCollectionViewCell.xib; sourceTree = "<group>"; };
		11A69AF22CB96B2A00BC14AB /* QuestionHeaderView.swift */ = {isa = PBXFileReference; lastKnownFileType = sourcecode.swift; path = QuestionHeaderView.swift; sourceTree = "<group>"; };
		11A69AF32CB96B2A00BC14AB /* QuestionHeaderView.xib */ = {isa = PBXFileReference; lastKnownFileType = file.xib; path = QuestionHeaderView.xib; sourceTree = "<group>"; };
		11A69AF72CB96D4D00BC14AB /* QuestionModels.swift */ = {isa = PBXFileReference; lastKnownFileType = sourcecode.swift; path = QuestionModels.swift; sourceTree = "<group>"; };
		11BA00B62CC2C54E001FB974 /* Baloo2-Bold.ttf */ = {isa = PBXFileReference; lastKnownFileType = file; path = "Baloo2-Bold.ttf"; sourceTree = "<group>"; };
		11BA00B82CC2F411001FB974 /* ProfileViewController.swift */ = {isa = PBXFileReference; lastKnownFileType = sourcecode.swift; path = ProfileViewController.swift; sourceTree = "<group>"; };
		11D0E1842CAB343A0033DAEA /* engravers-mt.ttf */ = {isa = PBXFileReference; lastKnownFileType = file; path = "engravers-mt.ttf"; sourceTree = "<group>"; };
		11EF00B52CAFDAB500F14F84 /* UserInfo.swift */ = {isa = PBXFileReference; lastKnownFileType = sourcecode.swift; path = UserInfo.swift; sourceTree = "<group>"; };
/* End PBXFileReference section */

/* Begin PBXFrameworksBuildPhase section */
		114840822CAB2A1D00282DC4 /* Frameworks */ = {
			isa = PBXFrameworksBuildPhase;
			buildActionMask = 2147483647;
			files = (
			);
			runOnlyForDeploymentPostprocessing = 0;
		};
/* End PBXFrameworksBuildPhase section */

/* Begin PBXGroup section */
		1108ABFB2CBEFBBF00B8C9E5 /* Helpers */ = {
			isa = PBXGroup;
			children = (
				1108ABF72CBEFBA900B8C9E5 /* UserDefaultsHelper.swift */,
				1108ABF92CBEFBBB00B8C9E5 /* UserDefaultsKey.swift */,
			);
			path = Helpers;
			sourceTree = "<group>";
		};
		11235E7C2CB4164000C81DF9 /* Authorization */ = {
			isa = PBXGroup;
			children = (
				1161C4582CB5ADA100351F89 /* Models */,
				11235E802CB416C700C81DF9 /* Storyboard */,
				11235E812CB416D100C81DF9 /* Controllers */,
			);
			path = Authorization;
			sourceTree = "<group>";
		};
		11235E7D2CB4165600C81DF9 /* Main */ = {
			isa = PBXGroup;
			children = (
				11A69AF62CB96D3C00BC14AB /* Models */,
				11A69AEB2CB96A6E00BC14AB /* Views */,
				11235E7E2CB4166100C81DF9 /* Storyboard */,
				11A69AEA2CB94E0000BC14AB /* Controllers */,
			);
			path = Main;
			sourceTree = "<group>";
		};
		11235E7E2CB4166100C81DF9 /* Storyboard */ = {
			isa = PBXGroup;
			children = (
				11235E7A2CB415C900C81DF9 /* Main.storyboard */,
			);
			path = Storyboard;
			sourceTree = "<group>";
		};
		11235E7F2CB416A700C81DF9 /* App */ = {
			isa = PBXGroup;
			children = (
				114840882CAB2A1D00282DC4 /* AppDelegate.swift */,
				1148408A2CAB2A1D00282DC4 /* SceneDelegate.swift */,
			);
			path = App;
			sourceTree = "<group>";
		};
		11235E802CB416C700C81DF9 /* Storyboard */ = {
			isa = PBXGroup;
			children = (
				1148408E2CAB2A1D00282DC4 /* Auth.storyboard */,
			);
			path = Storyboard;
			sourceTree = "<group>";
		};
		11235E812CB416D100C81DF9 /* Controllers */ = {
			isa = PBXGroup;
			children = (
				1148408C2CAB2A1D00282DC4 /* ViewController.swift */,
				117449642CAC4F15001E1EB6 /* SecondViewController.swift */,
				119877082CAC82AF0040D8E9 /* ThirdViewController.swift */,
			);
			path = Controllers;
			sourceTree = "<group>";
		};
		11235E822CB416FB00C81DF9 /* Resources */ = {
			isa = PBXGroup;
			children = (
				114840912CAB2A1F00282DC4 /* Assets.xcassets */,
				114840932CAB2A1F00282DC4 /* LaunchScreen.storyboard */,
				11771E0F2CC18986007EBD98 /* Baloo2-Regular.ttf */,
				1148409C2CAB2C4900282DC4 /* ELEPHNT.TTF */,
				11BA00B62CC2C54E001FB974 /* Baloo2-Bold.ttf */,
				11D0E1842CAB343A0033DAEA /* engravers-mt.ttf */,
				118069C42CAB3782002B761E /* Inter.ttc */,
				119877062CAC57970040D8E9 /* RedHatDisplay-Regular.ttf */,
			);
			path = Resources;
			sourceTree = "<group>";
		};
		1148407C2CAB2A1D00282DC4 = {
			isa = PBXGroup;
			children = (
				114840872CAB2A1D00282DC4 /* FigmaApp */,
				114840862CAB2A1D00282DC4 /* Products */,
			);
			sourceTree = "<group>";
		};
		114840862CAB2A1D00282DC4 /* Products */ = {
			isa = PBXGroup;
			children = (
				114840852CAB2A1D00282DC4 /* FigmaApp.app */,
			);
			name = Products;
			sourceTree = "<group>";
		};
		114840872CAB2A1D00282DC4 /* FigmaApp */ = {
			isa = PBXGroup;
			children = (
				11235E7F2CB416A700C81DF9 /* App */,
				11235E7C2CB4164000C81DF9 /* Authorization */,
				11235E7D2CB4165600C81DF9 /* Main */,
				1108ABFB2CBEFBBF00B8C9E5 /* Helpers */,
				11235E822CB416FB00C81DF9 /* Resources */,
				114840962CAB2A1F00282DC4 /* Info.plist */,
			);
			path = FigmaApp;
			sourceTree = "<group>";
		};
		1161C4582CB5ADA100351F89 /* Models */ = {
			isa = PBXGroup;
			children = (
				11EF00B52CAFDAB500F14F84 /* UserInfo.swift */,
			);
			path = Models;
			sourceTree = "<group>";
		};
		116BEB2D2CBD3A3900266625 /* AnswersCollectionViewCell */ = {
			isa = PBXGroup;
			children = (
				116BEB292CBD3A3500266625 /* AnswersTitleCell.swift */,
				116BEB2A2CBD3A3500266625 /* AnswersTitleCell.xib */,
			);
			path = AnswersCollectionViewCell;
			sourceTree = "<group>";
		};
		11A69AEA2CB94E0000BC14AB /* Controllers */ = {
			isa = PBXGroup;
			children = (
				11A69AE82CB94DF800BC14AB /* MainViewController.swift */,
				11771E0B2CC18105007EBD98 /* ResultsViewController.swift */,
				11BA00B82CC2F411001FB974 /* ProfileViewController.swift */,
			);
			path = Controllers;
			sourceTree = "<group>";
		};
		11A69AEB2CB96A6E00BC14AB /* Views */ = {
			isa = PBXGroup;
			children = (
				116BEB2D2CBD3A3900266625 /* AnswersCollectionViewCell */,
				11A69AED2CB96A9700BC14AB /* AnswersCollectionView */,
				11A69AEC2CB96A8500BC14AB /* CollectionHeaderView */,
			);
			path = Views;
			sourceTree = "<group>";
		};
		11A69AEC2CB96A8500BC14AB /* CollectionHeaderView */ = {
			isa = PBXGroup;
			children = (
				11A69AF22CB96B2A00BC14AB /* QuestionHeaderView.swift */,
				11A69AF32CB96B2A00BC14AB /* QuestionHeaderView.xib */,
			);
			path = CollectionHeaderView;
			sourceTree = "<group>";
		};
		11A69AED2CB96A9700BC14AB /* AnswersCollectionView */ = {
			isa = PBXGroup;
			children = (
				11A69AEE2CB96AD200BC14AB /* AnswersCollectionViewCell.swift */,
				11A69AEF2CB96AD200BC14AB /* AnswersCollectionViewCell.xib */,
			);
			path = AnswersCollectionView;
			sourceTree = "<group>";
		};
		11A69AF62CB96D3C00BC14AB /* Models */ = {
			isa = PBXGroup;
			children = (
				11A69AF72CB96D4D00BC14AB /* QuestionModels.swift */,
				1126AD092CBBDBC9007EED7B /* QuestionListJson.json */,
			);
			path = Models;
			sourceTree = "<group>";
		};
/* End PBXGroup section */

/* Begin PBXNativeTarget section */
		114840842CAB2A1D00282DC4 /* FigmaApp */ = {
			isa = PBXNativeTarget;
			buildConfigurationList = 114840992CAB2A1F00282DC4 /* Build configuration list for PBXNativeTarget "FigmaApp" */;
			buildPhases = (
				114840812CAB2A1D00282DC4 /* Sources */,
				114840822CAB2A1D00282DC4 /* Frameworks */,
				114840832CAB2A1D00282DC4 /* Resources */,
			);
			buildRules = (
			);
			dependencies = (
			);
			name = FigmaApp;
			productName = FigmaApp;
			productReference = 114840852CAB2A1D00282DC4 /* FigmaApp.app */;
			productType = "com.apple.product-type.application";
		};
/* End PBXNativeTarget section */

/* Begin PBXProject section */
		1148407D2CAB2A1D00282DC4 /* Project object */ = {
			isa = PBXProject;
			attributes = {
				BuildIndependentTargetsInParallel = 1;
				LastSwiftUpdateCheck = 1600;
				LastUpgradeCheck = 1600;
				TargetAttributes = {
					114840842CAB2A1D00282DC4 = {
						CreatedOnToolsVersion = 16.0;
					};
				};
			};
			buildConfigurationList = 114840802CAB2A1D00282DC4 /* Build configuration list for PBXProject "FigmaApp" */;
			compatibilityVersion = "Xcode 15.0";
			developmentRegion = en;
			hasScannedForEncodings = 0;
			knownRegions = (
				en,
				Base,
			);
			mainGroup = 1148407C2CAB2A1D00282DC4;
			productRefGroup = 114840862CAB2A1D00282DC4 /* Products */;
			projectDirPath = "";
			projectRoot = "";
			targets = (
				114840842CAB2A1D00282DC4 /* FigmaApp */,
			);
		};
/* End PBXProject section */

/* Begin PBXResourcesBuildPhase section */
		114840832CAB2A1D00282DC4 /* Resources */ = {
			isa = PBXResourcesBuildPhase;
			buildActionMask = 2147483647;
			files = (
				118069C52CAB3782002B761E /* Inter.ttc in Resources */,
				114840922CAB2A1F00282DC4 /* Assets.xcassets in Resources */,
				11D0E1852CAB343A0033DAEA /* engravers-mt.ttf in Resources */,
				11235E7B2CB415C900C81DF9 /* Main.storyboard in Resources */,
				114840952CAB2A1F00282DC4 /* Base in Resources */,
				11A69AF12CB96AD200BC14AB /* AnswersCollectionViewCell.xib in Resources */,
				119877072CAC57970040D8E9 /* RedHatDisplay-Regular.ttf in Resources */,
				1126AD0A2CBBDBC9007EED7B /* QuestionListJson.json in Resources */,
				116BEB2B2CBD3A3500266625 /* AnswersTitleCell.xib in Resources */,
				11771E102CC18986007EBD98 /* Baloo2-Regular.ttf in Resources */,
				11BA00B72CC2C54E001FB974 /* Baloo2-Bold.ttf in Resources */,
				11A69AF42CB96B2A00BC14AB /* QuestionHeaderView.xib in Resources */,
				114840902CAB2A1D00282DC4 /* Base in Resources */,
				1148409D2CAB2C4900282DC4 /* ELEPHNT.TTF in Resources */,
			);
			runOnlyForDeploymentPostprocessing = 0;
		};
/* End PBXResourcesBuildPhase section */

/* Begin PBXSourcesBuildPhase section */
		114840812CAB2A1D00282DC4 /* Sources */ = {
			isa = PBXSourcesBuildPhase;
			buildActionMask = 2147483647;
			files = (
				11A69AE92CB94DF800BC14AB /* MainViewController.swift in Sources */,
				117449652CAC4F15001E1EB6 /* SecondViewController.swift in Sources */,
				1108ABFA2CBEFBBB00B8C9E5 /* UserDefaultsKey.swift in Sources */,
				11771E0C2CC18105007EBD98 /* ResultsViewController.swift in Sources */,
				11A69AF52CB96B2A00BC14AB /* QuestionHeaderView.swift in Sources */,
				116BEB2C2CBD3A3500266625 /* AnswersTitleCell.swift in Sources */,
				1148408D2CAB2A1D00282DC4 /* ViewController.swift in Sources */,
				119877092CAC82AF0040D8E9 /* ThirdViewController.swift in Sources */,
				1108ABF82CBEFBA900B8C9E5 /* UserDefaultsHelper.swift in Sources */,
				114840892CAB2A1D00282DC4 /* AppDelegate.swift in Sources */,
				11A69AF02CB96AD200BC14AB /* AnswersCollectionViewCell.swift in Sources */,
				11A69AF82CB96D4D00BC14AB /* QuestionModels.swift in Sources */,
				11BA00B92CC2F411001FB974 /* ProfileViewController.swift in Sources */,
				11EF00B62CAFDAB500F14F84 /* UserInfo.swift in Sources */,
				1148408B2CAB2A1D00282DC4 /* SceneDelegate.swift in Sources */,
			);
			runOnlyForDeploymentPostprocessing = 0;
		};
/* End PBXSourcesBuildPhase section */

/* Begin PBXVariantGroup section */
		1148408E2CAB2A1D00282DC4 /* Auth.storyboard */ = {
			isa = PBXVariantGroup;
			children = (
				1148408F2CAB2A1D00282DC4 /* Base */,
			);
			name = Auth.storyboard;
			sourceTree = "<group>";
		};
		114840932CAB2A1F00282DC4 /* LaunchScreen.storyboard */ = {
			isa = PBXVariantGroup;
			children = (
				114840942CAB2A1F00282DC4 /* Base */,
			);
			name = LaunchScreen.storyboard;
			sourceTree = "<group>";
		};
/* End PBXVariantGroup section */

/* Begin XCBuildConfiguration section */
		114840972CAB2A1F00282DC4 /* Debug */ = {
			isa = XCBuildConfiguration;
			buildSettings = {
				ALWAYS_SEARCH_USER_PATHS = NO;
				ASSETCATALOG_COMPILER_GENERATE_SWIFT_ASSET_SYMBOL_EXTENSIONS = YES;
				CLANG_ANALYZER_NONNULL = YES;
				CLANG_ANALYZER_NUMBER_OBJECT_CONVERSION = YES_AGGRESSIVE;
				CLANG_CXX_LANGUAGE_STANDARD = "gnu++20";
				CLANG_ENABLE_MODULES = YES;
				CLANG_ENABLE_OBJC_ARC = YES;
				CLANG_ENABLE_OBJC_WEAK = YES;
				CLANG_WARN_BLOCK_CAPTURE_AUTORELEASING = YES;
				CLANG_WARN_BOOL_CONVERSION = YES;
				CLANG_WARN_COMMA = YES;
				CLANG_WARN_CONSTANT_CONVERSION = YES;
				CLANG_WARN_DEPRECATED_OBJC_IMPLEMENTATIONS = YES;
				CLANG_WARN_DIRECT_OBJC_ISA_USAGE = YES_ERROR;
				CLANG_WARN_DOCUMENTATION_COMMENTS = YES;
				CLANG_WARN_EMPTY_BODY = YES;
				CLANG_WARN_ENUM_CONVERSION = YES;
				CLANG_WARN_INFINITE_RECURSION = YES;
				CLANG_WARN_INT_CONVERSION = YES;
				CLANG_WARN_NON_LITERAL_NULL_CONVERSION = YES;
				CLANG_WARN_OBJC_IMPLICIT_RETAIN_SELF = YES;
				CLANG_WARN_OBJC_LITERAL_CONVERSION = YES;
				CLANG_WARN_OBJC_ROOT_CLASS = YES_ERROR;
				CLANG_WARN_QUOTED_INCLUDE_IN_FRAMEWORK_HEADER = YES;
				CLANG_WARN_RANGE_LOOP_ANALYSIS = YES;
				CLANG_WARN_STRICT_PROTOTYPES = YES;
				CLANG_WARN_SUSPICIOUS_MOVE = YES;
				CLANG_WARN_UNGUARDED_AVAILABILITY = YES_AGGRESSIVE;
				CLANG_WARN_UNREACHABLE_CODE = YES;
				CLANG_WARN__DUPLICATE_METHOD_MATCH = YES;
				COPY_PHASE_STRIP = NO;
				DEBUG_INFORMATION_FORMAT = dwarf;
				ENABLE_STRICT_OBJC_MSGSEND = YES;
				ENABLE_TESTABILITY = YES;
				ENABLE_USER_SCRIPT_SANDBOXING = YES;
				GCC_C_LANGUAGE_STANDARD = gnu17;
				GCC_DYNAMIC_NO_PIC = NO;
				GCC_NO_COMMON_BLOCKS = YES;
				GCC_OPTIMIZATION_LEVEL = 0;
				GCC_PREPROCESSOR_DEFINITIONS = (
					"DEBUG=1",
					"$(inherited)",
				);
				GCC_WARN_64_TO_32_BIT_CONVERSION = YES;
				GCC_WARN_ABOUT_RETURN_TYPE = YES_ERROR;
				GCC_WARN_UNDECLARED_SELECTOR = YES;
				GCC_WARN_UNINITIALIZED_AUTOS = YES_AGGRESSIVE;
				GCC_WARN_UNUSED_FUNCTION = YES;
				GCC_WARN_UNUSED_VARIABLE = YES;
				IPHONEOS_DEPLOYMENT_TARGET = 18.0;
				LOCALIZATION_PREFERS_STRING_CATALOGS = YES;
				MTL_ENABLE_DEBUG_INFO = INCLUDE_SOURCE;
				MTL_FAST_MATH = YES;
				ONLY_ACTIVE_ARCH = YES;
				SDKROOT = iphoneos;
				SWIFT_ACTIVE_COMPILATION_CONDITIONS = "DEBUG $(inherited)";
				SWIFT_OPTIMIZATION_LEVEL = "-Onone";
			};
			name = Debug;
		};
		114840982CAB2A1F00282DC4 /* Release */ = {
			isa = XCBuildConfiguration;
			buildSettings = {
				ALWAYS_SEARCH_USER_PATHS = NO;
				ASSETCATALOG_COMPILER_GENERATE_SWIFT_ASSET_SYMBOL_EXTENSIONS = YES;
				CLANG_ANALYZER_NONNULL = YES;
				CLANG_ANALYZER_NUMBER_OBJECT_CONVERSION = YES_AGGRESSIVE;
				CLANG_CXX_LANGUAGE_STANDARD = "gnu++20";
				CLANG_ENABLE_MODULES = YES;
				CLANG_ENABLE_OBJC_ARC = YES;
				CLANG_ENABLE_OBJC_WEAK = YES;
				CLANG_WARN_BLOCK_CAPTURE_AUTORELEASING = YES;
				CLANG_WARN_BOOL_CONVERSION = YES;
				CLANG_WARN_COMMA = YES;
				CLANG_WARN_CONSTANT_CONVERSION = YES;
				CLANG_WARN_DEPRECATED_OBJC_IMPLEMENTATIONS = YES;
				CLANG_WARN_DIRECT_OBJC_ISA_USAGE = YES_ERROR;
				CLANG_WARN_DOCUMENTATION_COMMENTS = YES;
				CLANG_WARN_EMPTY_BODY = YES;
				CLANG_WARN_ENUM_CONVERSION = YES;
				CLANG_WARN_INFINITE_RECURSION = YES;
				CLANG_WARN_INT_CONVERSION = YES;
				CLANG_WARN_NON_LITERAL_NULL_CONVERSION = YES;
				CLANG_WARN_OBJC_IMPLICIT_RETAIN_SELF = YES;
				CLANG_WARN_OBJC_LITERAL_CONVERSION = YES;
				CLANG_WARN_OBJC_ROOT_CLASS = YES_ERROR;
				CLANG_WARN_QUOTED_INCLUDE_IN_FRAMEWORK_HEADER = YES;
				CLANG_WARN_RANGE_LOOP_ANALYSIS = YES;
				CLANG_WARN_STRICT_PROTOTYPES = YES;
				CLANG_WARN_SUSPICIOUS_MOVE = YES;
				CLANG_WARN_UNGUARDED_AVAILABILITY = YES_AGGRESSIVE;
				CLANG_WARN_UNREACHABLE_CODE = YES;
				CLANG_WARN__DUPLICATE_METHOD_MATCH = YES;
				COPY_PHASE_STRIP = NO;
				DEBUG_INFORMATION_FORMAT = "dwarf-with-dsym";
				ENABLE_NS_ASSERTIONS = NO;
				ENABLE_STRICT_OBJC_MSGSEND = YES;
				ENABLE_USER_SCRIPT_SANDBOXING = YES;
				GCC_C_LANGUAGE_STANDARD = gnu17;
				GCC_NO_COMMON_BLOCKS = YES;
				GCC_WARN_64_TO_32_BIT_CONVERSION = YES;
				GCC_WARN_ABOUT_RETURN_TYPE = YES_ERROR;
				GCC_WARN_UNDECLARED_SELECTOR = YES;
				GCC_WARN_UNINITIALIZED_AUTOS = YES_AGGRESSIVE;
				GCC_WARN_UNUSED_FUNCTION = YES;
				GCC_WARN_UNUSED_VARIABLE = YES;
				IPHONEOS_DEPLOYMENT_TARGET = 18.0;
				LOCALIZATION_PREFERS_STRING_CATALOGS = YES;
				MTL_ENABLE_DEBUG_INFO = NO;
				MTL_FAST_MATH = YES;
				SDKROOT = iphoneos;
				SWIFT_COMPILATION_MODE = wholemodule;
				VALIDATE_PRODUCT = YES;
			};
			name = Release;
		};
		1148409A2CAB2A1F00282DC4 /* Debug */ = {
			isa = XCBuildConfiguration;
			buildSettings = {
				ASSETCATALOG_COMPILER_APPICON_NAME = AppIcon;
				ASSETCATALOG_COMPILER_GLOBAL_ACCENT_COLOR_NAME = AccentColor;
				CODE_SIGN_STYLE = Automatic;
				CURRENT_PROJECT_VERSION = 1;
				DEVELOPMENT_TEAM = 5V565SJ9S9;
				GENERATE_INFOPLIST_FILE = YES;
				INFOPLIST_FILE = FigmaApp/Info.plist;
				INFOPLIST_KEY_CFBundleDisplayName = "";
				INFOPLIST_KEY_UIApplicationSupportsIndirectInputEvents = YES;
				INFOPLIST_KEY_UILaunchStoryboardName = LaunchScreen;
				INFOPLIST_KEY_UIMainStoryboardFile = Auth;
				INFOPLIST_KEY_UISupportedInterfaceOrientations_iPad = "UIInterfaceOrientationPortrait UIInterfaceOrientationPortraitUpsideDown UIInterfaceOrientationLandscapeLeft UIInterfaceOrientationLandscapeRight";
				INFOPLIST_KEY_UISupportedInterfaceOrientations_iPhone = "UIInterfaceOrientationPortrait UIInterfaceOrientationLandscapeLeft UIInterfaceOrientationLandscapeRight";
				IPHONEOS_DEPLOYMENT_TARGET = 17.0;
				LD_RUNPATH_SEARCH_PATHS = (
					"$(inherited)",
					"@executable_path/Frameworks",
				);
				MARKETING_VERSION = 1.0;
				PRODUCT_BUNDLE_IDENTIFIER = com.example.personal.FigmaApp;
				PRODUCT_NAME = "$(TARGET_NAME)";
				SUPPORTED_PLATFORMS = "iphoneos iphonesimulator";
				SUPPORTS_MACCATALYST = NO;
				SUPPORTS_MAC_DESIGNED_FOR_IPHONE_IPAD = NO;
				SUPPORTS_XR_DESIGNED_FOR_IPHONE_IPAD = NO;
				SWIFT_EMIT_LOC_STRINGS = YES;
				SWIFT_VERSION = 5.0;
				TARGETED_DEVICE_FAMILY = 1;
			};
			name = Debug;
		};
		1148409B2CAB2A1F00282DC4 /* Release */ = {
			isa = XCBuildConfiguration;
			buildSettings = {
				ASSETCATALOG_COMPILER_APPICON_NAME = AppIcon;
				ASSETCATALOG_COMPILER_GLOBAL_ACCENT_COLOR_NAME = AccentColor;
				CODE_SIGN_STYLE = Automatic;
				CURRENT_PROJECT_VERSION = 1;
				DEVELOPMENT_TEAM = 5V565SJ9S9;
				GENERATE_INFOPLIST_FILE = YES;
				INFOPLIST_FILE = FigmaApp/Info.plist;
				INFOPLIST_KEY_CFBundleDisplayName = "";
				INFOPLIST_KEY_UIApplicationSupportsIndirectInputEvents = YES;
				INFOPLIST_KEY_UILaunchStoryboardName = LaunchScreen;
				INFOPLIST_KEY_UIMainStoryboardFile = Auth;
				INFOPLIST_KEY_UISupportedInterfaceOrientations_iPad = "UIInterfaceOrientationPortrait UIInterfaceOrientationPortraitUpsideDown UIInterfaceOrientationLandscapeLeft UIInterfaceOrientationLandscapeRight";
				INFOPLIST_KEY_UISupportedInterfaceOrientations_iPhone = "UIInterfaceOrientationPortrait UIInterfaceOrientationLandscapeLeft UIInterfaceOrientationLandscapeRight";
				IPHONEOS_DEPLOYMENT_TARGET = 17.0;
				LD_RUNPATH_SEARCH_PATHS = (
					"$(inherited)",
					"@executable_path/Frameworks",
				);
				MARKETING_VERSION = 1.0;
				PRODUCT_BUNDLE_IDENTIFIER = com.example.personal.FigmaApp;
				PRODUCT_NAME = "$(TARGET_NAME)";
				SUPPORTED_PLATFORMS = "iphoneos iphonesimulator";
				SUPPORTS_MACCATALYST = NO;
				SUPPORTS_MAC_DESIGNED_FOR_IPHONE_IPAD = NO;
				SUPPORTS_XR_DESIGNED_FOR_IPHONE_IPAD = NO;
				SWIFT_EMIT_LOC_STRINGS = YES;
				SWIFT_VERSION = 5.0;
				TARGETED_DEVICE_FAMILY = 1;
			};
			name = Release;
		};
/* End XCBuildConfiguration section */

/* Begin XCConfigurationList section */
		114840802CAB2A1D00282DC4 /* Build configuration list for PBXProject "FigmaApp" */ = {
			isa = XCConfigurationList;
			buildConfigurations = (
				114840972CAB2A1F00282DC4 /* Debug */,
				114840982CAB2A1F00282DC4 /* Release */,
			);
			defaultConfigurationIsVisible = 0;
			defaultConfigurationName = Release;
		};
		114840992CAB2A1F00282DC4 /* Build configuration list for PBXNativeTarget "FigmaApp" */ = {
			isa = XCConfigurationList;
			buildConfigurations = (
				1148409A2CAB2A1F00282DC4 /* Debug */,
				1148409B2CAB2A1F00282DC4 /* Release */,
			);
			defaultConfigurationIsVisible = 0;
			defaultConfigurationName = Release;
		};
/* End XCConfigurationList section */
	};
	rootObject = 1148407D2CAB2A1D00282DC4 /* Project object */;
}
